{
  "version": 4,
  "terraform_version": "0.12.28",
  "serial": 39,
  "lineage": "38ecb7af-900c-abf7-1748-460cefa18d9a",
  "outputs": {},
  "resources": [
    {
      "module": "module.instancia-rh",
      "mode": "managed",
      "type": "google_compute_instance",
      "name": "instance-vm",
      "provider": "provider.google",
      "instances": [
        {
          "schema_version": 6,
          "attributes": {
            "allow_stopping_for_update": null,
            "attached_disk": [],
            "boot_disk": [
              {
                "auto_delete": true,
                "device_name": "persistent-disk-0",
                "disk_encryption_key_raw": "",
                "disk_encryption_key_sha256": "",
                "initialize_params": [
                  {
                    "image": "https://www.googleapis.com/compute/v1/projects/ubuntu-os-cloud/global/images/ubuntu-1604-xenial-v20200713a",
                    "labels": {},
                    "size": 10,
                    "type": "pd-standard"
                  }
                ],
                "kms_key_self_link": "",
                "mode": "READ_WRITE",
                "source": "https://www.googleapis.com/compute/v1/projects/balao-magico/zones/us-central1-a/disks/vm-rh"
              }
            ],
            "can_ip_forward": false,
            "cpu_platform": "Intel Haswell",
            "current_status": "RUNNING",
            "deletion_protection": false,
            "description": "",
            "desired_status": null,
            "enable_display": false,
            "guest_accelerator": [],
            "hostname": "",
            "id": "projects/balao-magico/zones/us-central1-a/instances/vm-rh",
            "instance_id": "6156882444724439045",
            "label_fingerprint": "42WmSpB8rSM=",
            "labels": null,
            "machine_type": "f1-micro",
            "metadata": null,
            "metadata_fingerprint": "AlQqYxpfUe0=",
            "metadata_startup_script": "",
            "min_cpu_platform": "",
            "name": "vm-rh",
            "network_interface": [
              {
                "access_config": [],
                "alias_ip_range": [],
                "name": "nic0",
                "network": "https://www.googleapis.com/compute/v1/projects/balao-magico/global/networks/vpc-4linux",
                "network_ip": "192.168.20.2",
                "subnetwork": "https://www.googleapis.com/compute/v1/projects/balao-magico/regions/us-central1/subnetworks/us-net",
                "subnetwork_project": "balao-magico"
              }
            ],
            "project": "balao-magico",
            "resource_policies": null,
            "scheduling": [
              {
                "automatic_restart": true,
                "node_affinities": [],
                "on_host_maintenance": "MIGRATE",
                "preemptible": false
              }
            ],
            "scratch_disk": [],
            "self_link": "https://www.googleapis.com/compute/v1/projects/balao-magico/zones/us-central1-a/instances/vm-rh",
            "service_account": [],
            "shielded_instance_config": [
              {
                "enable_integrity_monitoring": true,
                "enable_secure_boot": false,
                "enable_vtpm": true
              }
            ],
            "tags": null,
            "tags_fingerprint": "42WmSpB8rSM=",
            "timeouts": null,
            "zone": "us-central1-a"
          },
          "private": "eyJlMmJmYjczMC1lY2FhLTExZTYtOGY4OC0zNDM2M2JjN2M0YzAiOnsiY3JlYXRlIjoxMjAwMDAwMDAwMDAwLCJkZWxldGUiOjEyMDAwMDAwMDAwMDAsInVwZGF0ZSI6MTIwMDAwMDAwMDAwMH0sInNjaGVtYV92ZXJzaW9uIjoiNiJ9",
          "dependencies": [
            "module.create_vpc.google_compute_network.vpc",
            "module.create_vpc.google_compute_subnetwork.subnet"
          ]
        }
      ]
    },
    {
      "module": "module.create_vpc",
      "mode": "managed",
      "type": "google_compute_network",
      "name": "vpc",
      "provider": "provider.google",
      "instances": [
        {
          "schema_version": 0,
          "attributes": {
            "auto_create_subnetworks": false,
            "delete_default_routes_on_create": false,
            "description": "",
            "gateway_ipv4": "",
            "id": "projects/balao-magico/global/networks/vpc-4linux",
            "ipv4_range": null,
            "name": "vpc-4linux",
            "project": "balao-magico",
            "routing_mode": "REGIONAL",
            "self_link": "https://www.googleapis.com/compute/v1/projects/balao-magico/global/networks/vpc-4linux",
            "timeouts": null
          },
          "private": "eyJlMmJmYjczMC1lY2FhLTExZTYtOGY4OC0zNDM2M2JjN2M0YzAiOnsiY3JlYXRlIjoyNDAwMDAwMDAwMDAsImRlbGV0ZSI6MjQwMDAwMDAwMDAwLCJ1cGRhdGUiOjI0MDAwMDAwMDAwMH19"
        }
      ]
    },
    {
      "module": "module.create_vpc",
      "mode": "managed",
      "type": "google_compute_subnetwork",
      "name": "subnet",
      "provider": "provider.google",
      "instances": [
        {
          "schema_version": 0,
          "attributes": {
            "creation_timestamp": "2020-07-14T15:50:56.945-07:00",
            "description": "",
            "enable_flow_logs": null,
            "fingerprint": null,
            "gateway_address": "192.168.20.1",
            "id": "projects/balao-magico/regions/us-central1/subnetworks/us-net",
            "ip_cidr_range": "192.168.20.0/24",
            "log_config": [],
            "name": "us-net",
            "network": "https://www.googleapis.com/compute/v1/projects/balao-magico/global/networks/vpc-4linux",
            "private_ip_google_access": false,
            "project": "balao-magico",
            "region": "us-central1",
            "secondary_ip_range": [],
            "self_link": "https://www.googleapis.com/compute/v1/projects/balao-magico/regions/us-central1/subnetworks/us-net",
            "timeouts": null
          },
          "private": "eyJlMmJmYjczMC1lY2FhLTExZTYtOGY4OC0zNDM2M2JjN2M0YzAiOnsiY3JlYXRlIjozNjAwMDAwMDAwMDAsImRlbGV0ZSI6MzYwMDAwMDAwMDAwLCJ1cGRhdGUiOjM2MDAwMDAwMDAwMH19",
          "dependencies": [
            "module.create_vpc.google_compute_network.vpc"
          ]
        }
      ]
    }
  ]
}
